
Microsoft Visual Studio Solution File, Format Version 12.00
# Visual Studio 15
VisualStudioVersion = 15.0.26403.0
MinimumVisualStudioVersion = 10.0.40219.1
Project("{FAE04EC0-301F-11D3-BF4B-00C04F79EFBC}") = "LlamV", "LlamV\LlamV.csproj", "{99C9E82C-C594-446D-AA59-8FFBC43AD226}"
EndProject
Project("{2150E333-8FDC-42A3-9474-1A3956D46DE8}") = "Solution Items", "Solution Items", "{DF921099-E2E9-4C6A-AEA2-B45C8BA70843}"
	ProjectSection(SolutionItems) = preProject
		Pixels3.md = Pixels3.md
	EndProjectSection
EndProject
Project("{FAE04EC0-301F-11D3-BF4B-00C04F79EFBC}") = "Pixels3", "Pixels3\Pixels3.csproj", "{23C0758C-7B1F-4D2D-8767-7C812D7833DE}"
EndProject
Project("{FAE04EC0-301F-11D3-BF4B-00C04F79EFBC}") = "Pixels3Extended", "Pixels3Extended\Pixels3Extended.csproj", "{E88E1CAE-79EA-4A32-8455-A033A761FAE6}"
EndProject
Global
	GlobalSection(SolutionConfigurationPlatforms) = preSolution
		Debug|Any CPU = Debug|Any CPU
		Release|Any CPU = Release|Any CPU
	EndGlobalSection
	GlobalSection(ProjectConfigurationPlatforms) = postSolution
		{99C9E82C-C594-446D-AA59-8FFBC43AD226}.Debug|Any CPU.ActiveCfg = Debug|Any CPU
		{99C9E82C-C594-446D-AA59-8FFBC43AD226}.Debug|Any CPU.Build.0 = Debug|Any CPU
		{99C9E82C-C594-446D-AA59-8FFBC43AD226}.Release|Any CPU.ActiveCfg = Release|Any CPU
		{99C9E82C-C594-446D-AA59-8FFBC43AD226}.Release|Any CPU.Build.0 = Release|Any CPU
		{23C0758C-7B1F-4D2D-8767-7C812D7833DE}.Debug|Any CPU.ActiveCfg = Debug|Any CPU
		{23C0758C-7B1F-4D2D-8767-7C812D7833DE}.Debug|Any CPU.Build.0 = Debug|Any CPU
		{23C0758C-7B1F-4D2D-8767-7C812D7833DE}.Release|Any CPU.ActiveCfg = Release|Any CPU
		{23C0758C-7B1F-4D2D-8767-7C812D7833DE}.Release|Any CPU.Build.0 = Release|Any CPU
		{E88E1CAE-79EA-4A32-8455-A033A761FAE6}.Debug|Any CPU.ActiveCfg = Debug|Any CPU
		{E88E1CAE-79EA-4A32-8455-A033A761FAE6}.Debug|Any CPU.Build.0 = Debug|Any CPU
		{E88E1CAE-79EA-4A32-8455-A033A761FAE6}.Release|Any CPU.ActiveCfg = Release|Any CPU
		{E88E1CAE-79EA-4A32-8455-A033A761FAE6}.Release|Any CPU.Build.0 = Release|Any CPU
	EndGlobalSection
	GlobalSection(SolutionProperties) = preSolution
		HideSolutionNode = FALSE
	EndGlobalSection
EndGlobal
